
Microsoft Visual Studio Solution File, Format Version 12.00
# Visual Studio Version 16
VisualStudioVersion = 16.0.29409.12
MinimumVisualStudioVersion = 10.0.40219.1
Project("{FAE04EC0-301F-11D3-BF4B-00C04F79EFBC}") = "ItemCollection", "ItemCollection\ItemCollection.csproj", "{EBEE6890-667B-4483-A017-39459819B791}"
EndProject
Global
	GlobalSection(SolutionConfigurationPlatforms) = preSolution
		Debug|Any CPU = Debug|Any CPU
		Release|Any CPU = Release|Any CPU
	EndGlobalSection
	GlobalSection(ProjectConfigurationPlatforms) = postSolution
		{EBEE6890-667B-4483-A017-39459819B791}.Debug|Any CPU.ActiveCfg = Debug|Any CPU
		{EBEE6890-667B-4483-A017-39459819B791}.Debug|Any CPU.Build.0 = Debug|Any CPU
		{EBEE6890-667B-4483-A017-39459819B791}.Release|Any CPU.ActiveCfg = Release|Any CPU
		{EBEE6890-667B-4483-A017-39459819B791}.Release|Any CPU.Build.0 = Release|Any CPU
	EndGlobalSection
	GlobalSection(SolutionProperties) = preSolution
		HideSolutionNode = FALSE
	EndGlobalSection
	GlobalSection(ExtensibilityGlobals) = postSolution
		SolutionGuid = {CC79B4EB-988F-4124-ADE4-50EB81EFD188}
	EndGlobalSection
EndGlobal
